
Microsoft Visual Studio Solution File, Format Version 12.00
# Visual Studio 15
VisualStudioVersion = 15.0.27428.2037
MinimumVisualStudioVersion = 10.0.40219.1
Project("{FAE04EC0-301F-11D3-BF4B-00C04F79EFBC}") = "Klimatyzacja", "Klimatyzacja\Klimatyzacja.csproj", "{0577B80E-BFD4-4DCA-A2D0-544D1D91787F}"
EndProject
Global
	GlobalSection(SolutionConfigurationPlatforms) = preSolution
		Debug|Any CPU = Debug|Any CPU
		Release|Any CPU = Release|Any CPU
	EndGlobalSection
	GlobalSection(ProjectConfigurationPlatforms) = postSolution
		{0577B80E-BFD4-4DCA-A2D0-544D1D91787F}.Debug|Any CPU.ActiveCfg = Debug|Any CPU
		{0577B80E-BFD4-4DCA-A2D0-544D1D91787F}.Debug|Any CPU.Build.0 = Debug|Any CPU
		{0577B80E-BFD4-4DCA-A2D0-544D1D91787F}.Release|Any CPU.ActiveCfg = Release|Any CPU
		{0577B80E-BFD4-4DCA-A2D0-544D1D91787F}.Release|Any CPU.Build.0 = Release|Any CPU
	EndGlobalSection
	GlobalSection(SolutionProperties) = preSolution
		HideSolutionNode = FALSE
	EndGlobalSection
	GlobalSection(ExtensibilityGlobals) = postSolution
		SolutionGuid = {05BFE6EF-C1A8-4D81-A57C-DD687126690B}
	EndGlobalSection
EndGlobal
